
Microsoft Visual Studio Solution File, Format Version 12.00
# Visual Studio Version 16
VisualStudioVersion = 16.0.33529.622
MinimumVisualStudioVersion = 10.0.40219.1
Project("{FAE04EC0-301F-11D3-BF4B-00C04F79EFBC}") = "prueba_anderson_devia_art", "prueba_anderson_devia_art.csproj", "{B2B5FC8E-DE9F-49B2-A973-E3A7696D692B}"
EndProject
Global
	GlobalSection(SolutionConfigurationPlatforms) = preSolution
		Debug|Any CPU = Debug|Any CPU
		Release|Any CPU = Release|Any CPU
	EndGlobalSection
	GlobalSection(ProjectConfigurationPlatforms) = postSolution
		{B2B5FC8E-DE9F-49B2-A973-E3A7696D692B}.Debug|Any CPU.ActiveCfg = Debug|Any CPU
		{B2B5FC8E-DE9F-49B2-A973-E3A7696D692B}.Debug|Any CPU.Build.0 = Debug|Any CPU
		{B2B5FC8E-DE9F-49B2-A973-E3A7696D692B}.Release|Any CPU.ActiveCfg = Release|Any CPU
		{B2B5FC8E-DE9F-49B2-A973-E3A7696D692B}.Release|Any CPU.Build.0 = Release|Any CPU
	EndGlobalSection
	GlobalSection(SolutionProperties) = preSolution
		HideSolutionNode = FALSE
	EndGlobalSection
	GlobalSection(ExtensibilityGlobals) = postSolution
		SolutionGuid = {FDE73338-AAC0-4E17-ACF9-92192574B689}
	EndGlobalSection
EndGlobal
